{
  "name": "fullstack-bootcamp-main",
  "version": "1.0.0",
  "lockfileVersion": 3,
  "requires": true,
  "packages": {
    "": {
      "name": "fullstack-bootcamp-main",
      "version": "1.0.0",
      "license": "ISC",
      "dependencies": {
        "daisyui": "^5.7.27"
      },
      "devDependencies": {
        "tailwindcss": "^4.3.3"
      }
    },
    "node_modules/daisyui": {
      "version": "5.7.27",
      "resolved": "https://registry.npmjs.org/daisyui/-/daisyui-5.7.27.tgz",
      "integrity": "sha512-Je10yYK7UFJYyLSQrIxhFmpwX+86gXdNTnfNkA1jlev7j9oz3QrqioEQ6/0JYOvYPs5NYH4aaJ+X35/N80G/xg==",
      "license": "MIT",
      "funding": {
        "url": "https://github.com/saadeghi/daisyui?sponsor=1"
      }
    },
    "node_modules/tailwindcss": {
      "version": "4.3.3",
      "resolved": "https://registry.npmjs.org/tailwindcss/-/tailwindcss-4.3.3.tgz",
      "integrity": "sha512-gOhV3P7ufE62QDGg1zVaTgCR+EtPv92k2nIhVcVKcLmxT1sUBsQGhnZj175j+MqRt4zLF7ic+sCYjfhxMxj7YQ==",
      "dev": true,
      "license": "MIT"
    }
  }
}
